{
  "name": "Udrink",
  "lockfileVersion": 3,
  "requires": true,
  "packages": {
    "": {
      "dependencies": {
        "ansi-html-community": "^0.0.8",
        "html-entities": "^2.3.6"
      }
    },
    "node_modules/ansi-html-community": {
      "version": "0.0.8",
      "resolved": "https://registry.npmjs.org/ansi-html-community/-/ansi-html-community-0.0.8.tgz",
      "integrity": "sha512-1APHAyr3+PCamwNw3bXCPp4HFLONZt/yIH0sZp0/469KWNTEy+qN5jQ3GVX6DMZ1UXAi34yVwtTeaG/HpBuuzw==",
      "engines": [
        "node >= 0.8.0"
      ],
      "bin": {
        "ansi-html": "bin/ansi-html"
      }
    },
    "node_modules/html-entities": {
      "version": "2.3.6",
      "resolved": "https://registry.npmjs.org/html-entities/-/html-entities-2.3.6.tgz",
      "integrity": "sha512-9o0+dcpIw2/HxkNuYKxSJUF/MMRZQECK4GnF+oQOmJ83yCVHTWgCH5aOXxK5bozNRmM8wtgryjHD3uloPBDEGw==",
      "funding": [
        {
          "type": "github",
          "url": "https://github.com/sponsors/mdevils"
        },
        {
          "type": "patreon",
          "url": "https://patreon.com/mdevils"
        }
      ]
    }
  }
}
